
Microsoft Visual Studio Solution File, Format Version 12.00
# Visual Studio Version 17
VisualStudioVersion = 17.4.33213.308
MinimumVisualStudioVersion = 10.0.40219.1
Project("{FAE04EC0-301F-11D3-BF4B-00C04F79EFBC}") = "WebApplication1", "WebApplication1.csproj", "{31EE21B5-09FF-4D1E-AC4E-18EA1BB6E404}"
EndProject
Global
	GlobalSection(SolutionConfigurationPlatforms) = preSolution
		Debug|Any CPU = Debug|Any CPU
		Release|Any CPU = Release|Any CPU
	EndGlobalSection
	GlobalSection(ProjectConfigurationPlatforms) = postSolution
		{31EE21B5-09FF-4D1E-AC4E-18EA1BB6E404}.Debug|Any CPU.ActiveCfg = Debug|Any CPU
		{31EE21B5-09FF-4D1E-AC4E-18EA1BB6E404}.Debug|Any CPU.Build.0 = Debug|Any CPU
		{31EE21B5-09FF-4D1E-AC4E-18EA1BB6E404}.Release|Any CPU.ActiveCfg = Release|Any CPU
		{31EE21B5-09FF-4D1E-AC4E-18EA1BB6E404}.Release|Any CPU.Build.0 = Release|Any CPU
	EndGlobalSection
	GlobalSection(SolutionProperties) = preSolution
		HideSolutionNode = FALSE
	EndGlobalSection
	GlobalSection(ExtensibilityGlobals) = postSolution
		SolutionGuid = {C42BEEAB-AD08-41DD-A0AF-A66CF0FEEE6C}
	EndGlobalSection
EndGlobal
